{
  "object": {
    "pins": [
      {
        "package": "ImageWithActivityIndicator",
        "repositoryURL": "https://github.com/AliAdam/ImageWithActivityIndicator.git",
        "state": {
          "branch": null,
          "revision": "51452911cf555decabb3fc6262db1447910040c5",
          "version": "1.0.4"
        }
      }
    ]
  },
  "version": 1
}
